
Microsoft Visual Studio Solution File, Format Version 12.00
# Visual Studio 15
VisualStudioVersion = 15.0.28307.489
MinimumVisualStudioVersion = 10.0.40219.1
Project("{FAE04EC0-301F-11D3-BF4B-00C04F79EFBC}") = "CityInfo", "CityInfo\CityInfo.csproj", "{6A3C7726-99A8-4E20-B0C7-564E3A4D439A}"
EndProject
Global
	GlobalSection(SolutionConfigurationPlatforms) = preSolution
		Debug|Any CPU = Debug|Any CPU
		Release|Any CPU = Release|Any CPU
	EndGlobalSection
	GlobalSection(ProjectConfigurationPlatforms) = postSolution
		{6A3C7726-99A8-4E20-B0C7-564E3A4D439A}.Debug|Any CPU.ActiveCfg = Debug|Any CPU
		{6A3C7726-99A8-4E20-B0C7-564E3A4D439A}.Debug|Any CPU.Build.0 = Debug|Any CPU
		{6A3C7726-99A8-4E20-B0C7-564E3A4D439A}.Release|Any CPU.ActiveCfg = Release|Any CPU
		{6A3C7726-99A8-4E20-B0C7-564E3A4D439A}.Release|Any CPU.Build.0 = Release|Any CPU
	EndGlobalSection
	GlobalSection(SolutionProperties) = preSolution
		HideSolutionNode = FALSE
	EndGlobalSection
	GlobalSection(ExtensibilityGlobals) = postSolution
		SolutionGuid = {9A1D323D-0F56-4E7D-BB31-DEF2C9F4A9A0}
	EndGlobalSection
EndGlobal
